
Microsoft Visual Studio Solution File, Format Version 12.00
# Visual Studio 2013
VisualStudioVersion = 12.0.31101.0
MinimumVisualStudioVersion = 10.0.40219.1
Project("{FAE04EC0-301F-11D3-BF4B-00C04F79EFBC}") = "DemoEcommerce", "DemoEcommerce\DemoEcommerce.csproj", "{8B19CDFE-7CB0-43EC-AEFE-BA70879BAE50}"
EndProject
Project("{FAE04EC0-301F-11D3-BF4B-00C04F79EFBC}") = "BEManager", "BEManager\BEManager.csproj", "{F55B4205-E706-4231-BA91-5444B5850F2F}"
EndProject
Global
	GlobalSection(SolutionConfigurationPlatforms) = preSolution
		Debug|Any CPU = Debug|Any CPU
		Release|Any CPU = Release|Any CPU
	EndGlobalSection
	GlobalSection(ProjectConfigurationPlatforms) = postSolution
		{8B19CDFE-7CB0-43EC-AEFE-BA70879BAE50}.Debug|Any CPU.ActiveCfg = Debug|Any CPU
		{8B19CDFE-7CB0-43EC-AEFE-BA70879BAE50}.Debug|Any CPU.Build.0 = Debug|Any CPU
		{8B19CDFE-7CB0-43EC-AEFE-BA70879BAE50}.Release|Any CPU.ActiveCfg = Release|Any CPU
		{8B19CDFE-7CB0-43EC-AEFE-BA70879BAE50}.Release|Any CPU.Build.0 = Release|Any CPU
		{F55B4205-E706-4231-BA91-5444B5850F2F}.Debug|Any CPU.ActiveCfg = Debug|Any CPU
		{F55B4205-E706-4231-BA91-5444B5850F2F}.Debug|Any CPU.Build.0 = Debug|Any CPU
		{F55B4205-E706-4231-BA91-5444B5850F2F}.Release|Any CPU.ActiveCfg = Release|Any CPU
		{F55B4205-E706-4231-BA91-5444B5850F2F}.Release|Any CPU.Build.0 = Release|Any CPU
	EndGlobalSection
	GlobalSection(SolutionProperties) = preSolution
		HideSolutionNode = FALSE
	EndGlobalSection
EndGlobal
